# THIS IS AN AUTOGENERATED FILE. DO NOT EDIT THIS FILE DIRECTLY.
# yarn lockfile v1


core-js@^3.38.1:
  version "3.41.0"
  resolved "https://registry.yarnpkg.com/core-js/-/core-js-3.41.0.tgz#57714dafb8c751a6095d028a7428f1fb5834a776"
  integrity sha512-SJ4/EHwS36QMJd6h/Rg+GyR4A5xE0FSI3eZ+iBVpfqf1x0eTSg1smWLHrA+2jQThZSh97fmSgFSU8B61nxosxA==

fflate@^0.4.8:
  version "0.4.8"
  resolved "https://registry.yarnpkg.com/fflate/-/fflate-0.4.8.tgz#f90b82aefbd8ac174213abb338bd7ef848f0f5ae"
  integrity sha512-FJqqoDBR00Mdj9ppamLa/Y7vxm+PRmNWA67N846RvsoYVMKB4q3y/de5PA7gUmRMYK/8CMz2GDZQmCRN1wBcWA==

posthog-js@^1.234.7:
  version "1.234.7"
  resolved "https://registry.yarnpkg.com/posthog-js/-/posthog-js-1.234.7.tgz#55f4099d0a1b612472ba45152ac6131b73d48903"
  integrity sha512-4950h1AbUbwM+Fdg4mNNdF4H99H+HONeKCJiKg+FJT4iVNoXSsa7DsJSSPwPtQUILIultZjTPP/WOd6gv7CayA==
  dependencies:
    core-js "^3.38.1"
    fflate "^0.4.8"
    preact "^10.19.3"
    web-vitals "^4.2.4"

preact@^10.19.3:
  version "10.26.4"
  resolved "https://registry.yarnpkg.com/preact/-/preact-10.26.4.tgz#b514f4249453a4247c82ff6d1267d59b7d78f9f9"
  integrity sha512-KJhO7LBFTjP71d83trW+Ilnjbo+ySsaAgCfXOXUlmGzJ4ygYPWmysm77yg4emwfmoz3b22yvH5IsVFHbhUaH5w==

web-vitals@^4.2.4:
  version "4.2.4"
  resolved "https://registry.yarnpkg.com/web-vitals/-/web-vitals-4.2.4.tgz#1d20bc8590a37769bd0902b289550936069184b7"
  integrity sha512-r4DIlprAGwJ7YM11VZp4R884m0Vmgr6EAKe3P+kO0PPj3Unqyvv59rczf6UiGcb9Z8QxZVcqKNwv/g0WNdWwsw==
